
Microsoft Visual Studio Solution File, Format Version 12.00
# Visual Studio Version 16
VisualStudioVersion = 16.0.31321.278
MinimumVisualStudioVersion = 10.0.40219.1
Project("{FAE04EC0-301F-11D3-BF4B-00C04F79EFBC}") = "ForwardEmlFile", "ForwardEmlFile.csproj", "{F9270FA8-CBB3-4270-8471-13ED973B33F7}"
EndProject
Global
	GlobalSection(SolutionConfigurationPlatforms) = preSolution
		Debug|Any CPU = Debug|Any CPU
		Release|Any CPU = Release|Any CPU
	EndGlobalSection
	GlobalSection(ProjectConfigurationPlatforms) = postSolution
		{F9270FA8-CBB3-4270-8471-13ED973B33F7}.Debug|Any CPU.ActiveCfg = Debug|Any CPU
		{F9270FA8-CBB3-4270-8471-13ED973B33F7}.Debug|Any CPU.Build.0 = Debug|Any CPU
		{F9270FA8-CBB3-4270-8471-13ED973B33F7}.Release|Any CPU.ActiveCfg = Release|Any CPU
		{F9270FA8-CBB3-4270-8471-13ED973B33F7}.Release|Any CPU.Build.0 = Release|Any CPU
	EndGlobalSection
	GlobalSection(SolutionProperties) = preSolution
		HideSolutionNode = FALSE
	EndGlobalSection
	GlobalSection(ExtensibilityGlobals) = postSolution
		SolutionGuid = {E794F322-F937-43B3-99EA-B4D4E2690291}
	EndGlobalSection
EndGlobal
